
Microsoft Visual Studio Solution File, Format Version 12.00
# Visual Studio Version 16
VisualStudioVersion = 16.0.28803.202
MinimumVisualStudioVersion = 10.0.40219.1
Project("{9A19103F-16F7-4668-BE54-9A1E7A4F7556}") = "Cite.Accounting.Service.Web", "Cite.Accounting.Service.Web\Cite.Accounting.Service.Web.csproj", "{4F33610C-58C0-4570-8555-F72D3ACF485F}"
EndProject
Project("{2150E333-8FDC-42A3-9474-1A3956D46DE8}") = "Solution Items", "Solution Items", "{ED985080-9B1A-436F-A129-98BAED57B86E}"
	ProjectSection(SolutionItems) = preProject
		scrapbook.txt = scrapbook.txt
	EndProjectSection
EndProject
Project("{9A19103F-16F7-4668-BE54-9A1E7A4F7556}") = "Cite.Accounting.Service", "Cite.Accounting.Service\Cite.Accounting.Service.csproj", "{6080B382-DBB4-4403-9561-0EB154F5F473}"
EndProject
Project("{9A19103F-16F7-4668-BE54-9A1E7A4F7556}") = "Cite.Accounting.Service.Resources", "Cite.Accounting.Service.Resources\Cite.Accounting.Service.Resources.csproj", "{E47A89B4-29EF-4131-9FBD-CBE2C2EFC510}"
EndProject
Global
	GlobalSection(SolutionConfigurationPlatforms) = preSolution
		Debug|Any CPU = Debug|Any CPU
		Release|Any CPU = Release|Any CPU
	EndGlobalSection
	GlobalSection(ProjectConfigurationPlatforms) = postSolution
		{4F33610C-58C0-4570-8555-F72D3ACF485F}.Debug|Any CPU.ActiveCfg = Debug|Any CPU
		{4F33610C-58C0-4570-8555-F72D3ACF485F}.Debug|Any CPU.Build.0 = Debug|Any CPU
		{4F33610C-58C0-4570-8555-F72D3ACF485F}.Release|Any CPU.ActiveCfg = Release|Any CPU
		{4F33610C-58C0-4570-8555-F72D3ACF485F}.Release|Any CPU.Build.0 = Release|Any CPU
		{6080B382-DBB4-4403-9561-0EB154F5F473}.Debug|Any CPU.ActiveCfg = Debug|Any CPU
		{6080B382-DBB4-4403-9561-0EB154F5F473}.Debug|Any CPU.Build.0 = Debug|Any CPU
		{6080B382-DBB4-4403-9561-0EB154F5F473}.Release|Any CPU.ActiveCfg = Release|Any CPU
		{6080B382-DBB4-4403-9561-0EB154F5F473}.Release|Any CPU.Build.0 = Release|Any CPU
		{E47A89B4-29EF-4131-9FBD-CBE2C2EFC510}.Debug|Any CPU.ActiveCfg = Debug|Any CPU
		{E47A89B4-29EF-4131-9FBD-CBE2C2EFC510}.Debug|Any CPU.Build.0 = Debug|Any CPU
		{E47A89B4-29EF-4131-9FBD-CBE2C2EFC510}.Release|Any CPU.ActiveCfg = Release|Any CPU
		{E47A89B4-29EF-4131-9FBD-CBE2C2EFC510}.Release|Any CPU.Build.0 = Release|Any CPU
	EndGlobalSection
	GlobalSection(SolutionProperties) = preSolution
		HideSolutionNode = FALSE
	EndGlobalSection
	GlobalSection(ExtensibilityGlobals) = postSolution
		SolutionGuid = {55E8A956-FD79-4FB0-A178-42793C5AC6E4}
	EndGlobalSection
EndGlobal
